
Microsoft Visual Studio Solution File, Format Version 12.00
# Visual Studio Version 17
VisualStudioVersion = 17.14.36202.13 d17.14
MinimumVisualStudioVersion = 10.0.40219.1
Project("{FAE04EC0-301F-11D3-BF4B-00C04F79EFBC}") = "Avenga.MovieApp", "Avenga.MovieApp\Avenga.MovieApp.csproj", "{4C968E19-2F6D-4FE9-8A99-54D594C84478}"
EndProject
Global
	GlobalSection(SolutionConfigurationPlatforms) = preSolution
		Debug|Any CPU = Debug|Any CPU
		Release|Any CPU = Release|Any CPU
	EndGlobalSection
	GlobalSection(ProjectConfigurationPlatforms) = postSolution
		{4C968E19-2F6D-4FE9-8A99-54D594C84478}.Debug|Any CPU.ActiveCfg = Debug|Any CPU
		{4C968E19-2F6D-4FE9-8A99-54D594C84478}.Debug|Any CPU.Build.0 = Debug|Any CPU
		{4C968E19-2F6D-4FE9-8A99-54D594C84478}.Release|Any CPU.ActiveCfg = Release|Any CPU
		{4C968E19-2F6D-4FE9-8A99-54D594C84478}.Release|Any CPU.Build.0 = Release|Any CPU
	EndGlobalSection
	GlobalSection(SolutionProperties) = preSolution
		HideSolutionNode = FALSE
	EndGlobalSection
	GlobalSection(ExtensibilityGlobals) = postSolution
		SolutionGuid = {8458FE1A-F7ED-4380-80FD-5318F5F17DCD}
	EndGlobalSection
EndGlobal
