
Microsoft Visual Studio Solution File, Format Version 12.00
# Visual Studio Version 17
VisualStudioVersion = 17.14.36127.28 d17.14
MinimumVisualStudioVersion = 10.0.40219.1
Project("{FAE04EC0-301F-11D3-BF4B-00C04F79EFBC}") = "NotesAndTagsApp", "NotesAndTagsApp\NotesAndTagsApp.csproj", "{795AAD78-0FCD-45E3-8068-0EA7F31F78F3}"
EndProject
Global
	GlobalSection(SolutionConfigurationPlatforms) = preSolution
		Debug|Any CPU = Debug|Any CPU
		Release|Any CPU = Release|Any CPU
	EndGlobalSection
	GlobalSection(ProjectConfigurationPlatforms) = postSolution
		{795AAD78-0FCD-45E3-8068-0EA7F31F78F3}.Debug|Any CPU.ActiveCfg = Debug|Any CPU
		{795AAD78-0FCD-45E3-8068-0EA7F31F78F3}.Debug|Any CPU.Build.0 = Debug|Any CPU
		{795AAD78-0FCD-45E3-8068-0EA7F31F78F3}.Release|Any CPU.ActiveCfg = Release|Any CPU
		{795AAD78-0FCD-45E3-8068-0EA7F31F78F3}.Release|Any CPU.Build.0 = Release|Any CPU
	EndGlobalSection
	GlobalSection(SolutionProperties) = preSolution
		HideSolutionNode = FALSE
	EndGlobalSection
	GlobalSection(ExtensibilityGlobals) = postSolution
		SolutionGuid = {CE65BA72-CD8E-4640-B609-4F56B25F848D}
	EndGlobalSection
EndGlobal
